
Microsoft Visual Studio Solution File, Format Version 12.00
# Visual Studio Version 16
VisualStudioVersion = 16.0.30611.23
MinimumVisualStudioVersion = 10.0.40219.1
Project("{8BC9CEB8-8B4A-11D0-8D11-00A0C91BC942}") = "8.1(2)", "8.1(2).vcxproj", "{17D0319D-2D2E-4D03-B115-23F8814AA63C}"
EndProject
Project("{8BC9CEB8-8B4A-11D0-8D11-00A0C91BC942}") = "UnitTest8.1(2)", "..\UnitTest8.1(2)\UnitTest8.1(2).vcxproj", "{6310818E-5986-4631-AB0D-B3DD4394D350}"
EndProject
Global
	GlobalSection(SolutionConfigurationPlatforms) = preSolution
		Debug|x64 = Debug|x64
		Debug|x86 = Debug|x86
		Release|x64 = Release|x64
		Release|x86 = Release|x86
	EndGlobalSection
	GlobalSection(ProjectConfigurationPlatforms) = postSolution
		{17D0319D-2D2E-4D03-B115-23F8814AA63C}.Debug|x64.ActiveCfg = Debug|x64
		{17D0319D-2D2E-4D03-B115-23F8814AA63C}.Debug|x64.Build.0 = Debug|x64
		{17D0319D-2D2E-4D03-B115-23F8814AA63C}.Debug|x86.ActiveCfg = Debug|Win32
		{17D0319D-2D2E-4D03-B115-23F8814AA63C}.Debug|x86.Build.0 = Debug|Win32
		{17D0319D-2D2E-4D03-B115-23F8814AA63C}.Release|x64.ActiveCfg = Release|x64
		{17D0319D-2D2E-4D03-B115-23F8814AA63C}.Release|x64.Build.0 = Release|x64
		{17D0319D-2D2E-4D03-B115-23F8814AA63C}.Release|x86.ActiveCfg = Release|Win32
		{17D0319D-2D2E-4D03-B115-23F8814AA63C}.Release|x86.Build.0 = Release|Win32
		{6310818E-5986-4631-AB0D-B3DD4394D350}.Debug|x64.ActiveCfg = Debug|x64
		{6310818E-5986-4631-AB0D-B3DD4394D350}.Debug|x64.Build.0 = Debug|x64
		{6310818E-5986-4631-AB0D-B3DD4394D350}.Debug|x86.ActiveCfg = Debug|Win32
		{6310818E-5986-4631-AB0D-B3DD4394D350}.Debug|x86.Build.0 = Debug|Win32
		{6310818E-5986-4631-AB0D-B3DD4394D350}.Release|x64.ActiveCfg = Release|x64
		{6310818E-5986-4631-AB0D-B3DD4394D350}.Release|x64.Build.0 = Release|x64
		{6310818E-5986-4631-AB0D-B3DD4394D350}.Release|x86.ActiveCfg = Release|Win32
		{6310818E-5986-4631-AB0D-B3DD4394D350}.Release|x86.Build.0 = Release|Win32
	EndGlobalSection
	GlobalSection(SolutionProperties) = preSolution
		HideSolutionNode = FALSE
	EndGlobalSection
	GlobalSection(ExtensibilityGlobals) = postSolution
		SolutionGuid = {BEDBBA09-EDE9-47A4-98AB-1EC127048AE6}
	EndGlobalSection
EndGlobal
