
Microsoft Visual Studio Solution File, Format Version 12.00
# Visual Studio Version 16
VisualStudioVersion = 16.0.30611.23
MinimumVisualStudioVersion = 10.0.40219.1
Project("{8BC9CEB8-8B4A-11D0-8D11-00A0C91BC942}") = "8.1(3)", "8.1(3).vcxproj", "{BF4728D2-CAFB-4095-8948-42C66F5582AA}"
EndProject
Project("{8BC9CEB8-8B4A-11D0-8D11-00A0C91BC942}") = "UnitTest8.1(3)", "..\UnitTest8.1(3)\UnitTest8.1(3).vcxproj", "{E8B3CD28-A0B2-4C2F-90AB-BAA938AE69CB}"
EndProject
Global
	GlobalSection(SolutionConfigurationPlatforms) = preSolution
		Debug|x64 = Debug|x64
		Debug|x86 = Debug|x86
		Release|x64 = Release|x64
		Release|x86 = Release|x86
	EndGlobalSection
	GlobalSection(ProjectConfigurationPlatforms) = postSolution
		{BF4728D2-CAFB-4095-8948-42C66F5582AA}.Debug|x64.ActiveCfg = Debug|x64
		{BF4728D2-CAFB-4095-8948-42C66F5582AA}.Debug|x64.Build.0 = Debug|x64
		{BF4728D2-CAFB-4095-8948-42C66F5582AA}.Debug|x86.ActiveCfg = Debug|Win32
		{BF4728D2-CAFB-4095-8948-42C66F5582AA}.Debug|x86.Build.0 = Debug|Win32
		{BF4728D2-CAFB-4095-8948-42C66F5582AA}.Release|x64.ActiveCfg = Release|x64
		{BF4728D2-CAFB-4095-8948-42C66F5582AA}.Release|x64.Build.0 = Release|x64
		{BF4728D2-CAFB-4095-8948-42C66F5582AA}.Release|x86.ActiveCfg = Release|Win32
		{BF4728D2-CAFB-4095-8948-42C66F5582AA}.Release|x86.Build.0 = Release|Win32
		{E8B3CD28-A0B2-4C2F-90AB-BAA938AE69CB}.Debug|x64.ActiveCfg = Debug|x64
		{E8B3CD28-A0B2-4C2F-90AB-BAA938AE69CB}.Debug|x64.Build.0 = Debug|x64
		{E8B3CD28-A0B2-4C2F-90AB-BAA938AE69CB}.Debug|x86.ActiveCfg = Debug|Win32
		{E8B3CD28-A0B2-4C2F-90AB-BAA938AE69CB}.Debug|x86.Build.0 = Debug|Win32
		{E8B3CD28-A0B2-4C2F-90AB-BAA938AE69CB}.Release|x64.ActiveCfg = Release|x64
		{E8B3CD28-A0B2-4C2F-90AB-BAA938AE69CB}.Release|x64.Build.0 = Release|x64
		{E8B3CD28-A0B2-4C2F-90AB-BAA938AE69CB}.Release|x86.ActiveCfg = Release|Win32
		{E8B3CD28-A0B2-4C2F-90AB-BAA938AE69CB}.Release|x86.Build.0 = Release|Win32
	EndGlobalSection
	GlobalSection(SolutionProperties) = preSolution
		HideSolutionNode = FALSE
	EndGlobalSection
	GlobalSection(ExtensibilityGlobals) = postSolution
		SolutionGuid = {45DFF42D-4DC3-4CEC-82DB-54C64A51FCBA}
	EndGlobalSection
EndGlobal
