
Microsoft Visual Studio Solution File, Format Version 12.00
# Visual Studio Version 16
VisualStudioVersion = 16.0.30611.23
MinimumVisualStudioVersion = 10.0.40219.1
Project("{8BC9CEB8-8B4A-11D0-8D11-00A0C91BC942}") = "8.1(1)", "8.1(1).vcxproj", "{F90AE579-EA76-4679-BCE0-0D027881112C}"
EndProject
Project("{8BC9CEB8-8B4A-11D0-8D11-00A0C91BC942}") = "8.1(1)Unit", "..\8.1(1)Unit\8.1(1)Unit.vcxproj", "{E834F05E-C8FB-4FA9-AEE8-6308AE7F39FF}"
EndProject
Global
	GlobalSection(SolutionConfigurationPlatforms) = preSolution
		Debug|x64 = Debug|x64
		Debug|x86 = Debug|x86
		Release|x64 = Release|x64
		Release|x86 = Release|x86
	EndGlobalSection
	GlobalSection(ProjectConfigurationPlatforms) = postSolution
		{F90AE579-EA76-4679-BCE0-0D027881112C}.Debug|x64.ActiveCfg = Debug|x64
		{F90AE579-EA76-4679-BCE0-0D027881112C}.Debug|x64.Build.0 = Debug|x64
		{F90AE579-EA76-4679-BCE0-0D027881112C}.Debug|x86.ActiveCfg = Debug|Win32
		{F90AE579-EA76-4679-BCE0-0D027881112C}.Debug|x86.Build.0 = Debug|Win32
		{F90AE579-EA76-4679-BCE0-0D027881112C}.Release|x64.ActiveCfg = Release|x64
		{F90AE579-EA76-4679-BCE0-0D027881112C}.Release|x64.Build.0 = Release|x64
		{F90AE579-EA76-4679-BCE0-0D027881112C}.Release|x86.ActiveCfg = Release|Win32
		{F90AE579-EA76-4679-BCE0-0D027881112C}.Release|x86.Build.0 = Release|Win32
		{E834F05E-C8FB-4FA9-AEE8-6308AE7F39FF}.Debug|x64.ActiveCfg = Debug|x64
		{E834F05E-C8FB-4FA9-AEE8-6308AE7F39FF}.Debug|x64.Build.0 = Debug|x64
		{E834F05E-C8FB-4FA9-AEE8-6308AE7F39FF}.Debug|x86.ActiveCfg = Debug|Win32
		{E834F05E-C8FB-4FA9-AEE8-6308AE7F39FF}.Debug|x86.Build.0 = Debug|Win32
		{E834F05E-C8FB-4FA9-AEE8-6308AE7F39FF}.Release|x64.ActiveCfg = Release|x64
		{E834F05E-C8FB-4FA9-AEE8-6308AE7F39FF}.Release|x64.Build.0 = Release|x64
		{E834F05E-C8FB-4FA9-AEE8-6308AE7F39FF}.Release|x86.ActiveCfg = Release|Win32
		{E834F05E-C8FB-4FA9-AEE8-6308AE7F39FF}.Release|x86.Build.0 = Release|Win32
	EndGlobalSection
	GlobalSection(SolutionProperties) = preSolution
		HideSolutionNode = FALSE
	EndGlobalSection
	GlobalSection(ExtensibilityGlobals) = postSolution
		SolutionGuid = {1B1D4320-DDC5-4645-918E-0DC257605322}
	EndGlobalSection
EndGlobal
